
Microsoft Visual Studio Solution File, Format Version 12.00
# Visual Studio Version 16
VisualStudioVersion = 16.0.29519.181
MinimumVisualStudioVersion = 10.0.40219.1
Project("{FAE04EC0-301F-11D3-BF4B-00C04F79EFBC}") = "AutoWrite", "AutoWrite.csproj", "{1AEFA946-A9D6-4396-88C1-4DF51387F422}"
EndProject
Global
	GlobalSection(SolutionConfigurationPlatforms) = preSolution
		Debug|Any CPU = Debug|Any CPU
		Debug|x64 = Debug|x64
		Release|Any CPU = Release|Any CPU
		Release|x64 = Release|x64
	EndGlobalSection
	GlobalSection(ProjectConfigurationPlatforms) = postSolution
		{1AEFA946-A9D6-4396-88C1-4DF51387F422}.Debug|Any CPU.ActiveCfg = Debug|Any CPU
		{1AEFA946-A9D6-4396-88C1-4DF51387F422}.Debug|Any CPU.Build.0 = Debug|Any CPU
		{1AEFA946-A9D6-4396-88C1-4DF51387F422}.Debug|x64.ActiveCfg = Debug|x64
		{1AEFA946-A9D6-4396-88C1-4DF51387F422}.Debug|x64.Build.0 = Debug|x64
		{1AEFA946-A9D6-4396-88C1-4DF51387F422}.Release|Any CPU.ActiveCfg = Release|Any CPU
		{1AEFA946-A9D6-4396-88C1-4DF51387F422}.Release|Any CPU.Build.0 = Release|Any CPU
		{1AEFA946-A9D6-4396-88C1-4DF51387F422}.Release|x64.ActiveCfg = Release|x64
		{1AEFA946-A9D6-4396-88C1-4DF51387F422}.Release|x64.Build.0 = Release|x64
	EndGlobalSection
	GlobalSection(SolutionProperties) = preSolution
		HideSolutionNode = FALSE
	EndGlobalSection
	GlobalSection(ExtensibilityGlobals) = postSolution
		SolutionGuid = {9EAF97E6-89F5-4A76-B4F7-CF60DC8ABDDC}
	EndGlobalSection
EndGlobal
